
Microsoft Visual Studio Solution File, Format Version 12.00
# Visual Studio Version 17
VisualStudioVersion = 17.10.35027.167
MinimumVisualStudioVersion = 10.0.40219.1
Project("{FAE04EC0-301F-11D3-BF4B-00C04F79EFBC}") = "E3DTextGenerator", "E3DTextGenerator\E3DTextGenerator.csproj", "{CDBBCF13-513B-47B0-B5B7-DE6A6D3FB4DC}"
EndProject
Global
	GlobalSection(SolutionConfigurationPlatforms) = preSolution
		Debug|Any CPU = Debug|Any CPU
		Release|Any CPU = Release|Any CPU
	EndGlobalSection
	GlobalSection(ProjectConfigurationPlatforms) = postSolution
		{CDBBCF13-513B-47B0-B5B7-DE6A6D3FB4DC}.Debug|Any CPU.ActiveCfg = Debug|Any CPU
		{CDBBCF13-513B-47B0-B5B7-DE6A6D3FB4DC}.Debug|Any CPU.Build.0 = Debug|Any CPU
		{CDBBCF13-513B-47B0-B5B7-DE6A6D3FB4DC}.Release|Any CPU.ActiveCfg = Release|Any CPU
		{CDBBCF13-513B-47B0-B5B7-DE6A6D3FB4DC}.Release|Any CPU.Build.0 = Release|Any CPU
	EndGlobalSection
	GlobalSection(SolutionProperties) = preSolution
		HideSolutionNode = FALSE
	EndGlobalSection
	GlobalSection(ExtensibilityGlobals) = postSolution
		SolutionGuid = {477CBC01-E521-4E62-BA71-40253D61295E}
	EndGlobalSection
EndGlobal
